
Microsoft Visual Studio Solution File, Format Version 12.00
# Visual Studio 14
VisualStudioVersion = 14.0.24720.0
MinimumVisualStudioVersion = 10.0.40219.1
Project("{FAE04EC0-301F-11D3-BF4B-00C04F79EFBC}") = "OneBox_WebServices", "OneBox\OneBox_WebServices.csproj", "{5F7F4213-3E08-428D-BDF6-AA52DFDAC298}"
EndProject
Project("{FAE04EC0-301F-11D3-BF4B-00C04F79EFBC}") = "OneBox_DataAccess", "OneBox_DataAccess\OneBox_DataAccess.csproj", "{CEE1C012-1014-4944-9ACE-6697C15886EE}"
EndProject
Project("{FAE04EC0-301F-11D3-BF4B-00C04F79EFBC}") = "OneBox_BusinessLogic", "OneBox_BusinessLogic\OneBox_BusinessLogic.csproj", "{51651FA0-6B02-474E-987F-0F8119E9696D}"
EndProject
Global
	GlobalSection(SolutionConfigurationPlatforms) = preSolution
		Debug|Any CPU = Debug|Any CPU
		Release|Any CPU = Release|Any CPU
	EndGlobalSection
	GlobalSection(ProjectConfigurationPlatforms) = postSolution
		{5F7F4213-3E08-428D-BDF6-AA52DFDAC298}.Debug|Any CPU.ActiveCfg = Debug|Any CPU
		{5F7F4213-3E08-428D-BDF6-AA52DFDAC298}.Debug|Any CPU.Build.0 = Debug|Any CPU
		{5F7F4213-3E08-428D-BDF6-AA52DFDAC298}.Release|Any CPU.ActiveCfg = Release|Any CPU
		{5F7F4213-3E08-428D-BDF6-AA52DFDAC298}.Release|Any CPU.Build.0 = Release|Any CPU
		{CEE1C012-1014-4944-9ACE-6697C15886EE}.Debug|Any CPU.ActiveCfg = Debug|Any CPU
		{CEE1C012-1014-4944-9ACE-6697C15886EE}.Debug|Any CPU.Build.0 = Debug|Any CPU
		{CEE1C012-1014-4944-9ACE-6697C15886EE}.Release|Any CPU.ActiveCfg = Release|Any CPU
		{CEE1C012-1014-4944-9ACE-6697C15886EE}.Release|Any CPU.Build.0 = Release|Any CPU
		{51651FA0-6B02-474E-987F-0F8119E9696D}.Debug|Any CPU.ActiveCfg = Debug|Any CPU
		{51651FA0-6B02-474E-987F-0F8119E9696D}.Debug|Any CPU.Build.0 = Debug|Any CPU
		{51651FA0-6B02-474E-987F-0F8119E9696D}.Release|Any CPU.ActiveCfg = Release|Any CPU
		{51651FA0-6B02-474E-987F-0F8119E9696D}.Release|Any CPU.Build.0 = Release|Any CPU
	EndGlobalSection
	GlobalSection(SolutionProperties) = preSolution
		HideSolutionNode = FALSE
	EndGlobalSection
EndGlobal
